
Microsoft Visual Studio Solution File, Format Version 12.00
# Visual Studio 15
VisualStudioVersion = 15.0.27703.2042
MinimumVisualStudioVersion = 10.0.40219.1
Project("{9A19103F-16F7-4668-BE54-9A1E7A4F7556}") = "FlightSummaryGenerator", "FlightSummaryGenerator\FlightSummaryGenerator.csproj", "{49C3E0C9-3EAC-4D39-917B-3BF9463487B3}"
EndProject
Project("{FAE04EC0-301F-11D3-BF4B-00C04F79EFBC}") = "FlightSummaryGenerator.FunctionalUnitTests", "FlightSummaryGenerator.FunctionalUnitTests\FlightSummaryGenerator.FunctionalUnitTests.csproj", "{02C0DBCC-CE9D-4EE1-A50C-6907DECEE130}"
EndProject
Global
	GlobalSection(SolutionConfigurationPlatforms) = preSolution
		Debug|Any CPU = Debug|Any CPU
		Release|Any CPU = Release|Any CPU
	EndGlobalSection
	GlobalSection(ProjectConfigurationPlatforms) = postSolution
		{49C3E0C9-3EAC-4D39-917B-3BF9463487B3}.Debug|Any CPU.ActiveCfg = Debug|Any CPU
		{49C3E0C9-3EAC-4D39-917B-3BF9463487B3}.Debug|Any CPU.Build.0 = Debug|Any CPU
		{49C3E0C9-3EAC-4D39-917B-3BF9463487B3}.Release|Any CPU.ActiveCfg = Release|Any CPU
		{49C3E0C9-3EAC-4D39-917B-3BF9463487B3}.Release|Any CPU.Build.0 = Release|Any CPU
		{02C0DBCC-CE9D-4EE1-A50C-6907DECEE130}.Debug|Any CPU.ActiveCfg = Debug|Any CPU
		{02C0DBCC-CE9D-4EE1-A50C-6907DECEE130}.Debug|Any CPU.Build.0 = Debug|Any CPU
		{02C0DBCC-CE9D-4EE1-A50C-6907DECEE130}.Release|Any CPU.ActiveCfg = Release|Any CPU
		{02C0DBCC-CE9D-4EE1-A50C-6907DECEE130}.Release|Any CPU.Build.0 = Release|Any CPU
	EndGlobalSection
	GlobalSection(SolutionProperties) = preSolution
		HideSolutionNode = FALSE
	EndGlobalSection
	GlobalSection(ExtensibilityGlobals) = postSolution
		SolutionGuid = {5F870715-A3CB-44F0-859B-24AABF3CE1E7}
	EndGlobalSection
EndGlobal
